// !$*UTF8*$!
{
	archiveVersion = 1;
	classes = {
	};
	objectVersion = 46;
	objects = {

/* Begin PBXBuildFile section */
		305EE069727099445CD6DFFE /* Pods_gameOfchats.framework in Frameworks */ = {isa = PBXBuildFile; fileRef = 9C70DA0F42912E1583353AB6 /* Pods_gameOfchats.framework */; };
		41DCB9C1C2415522DF0A5C9A /* Pods_ChatFix.framework in Frameworks */ = {isa = PBXBuildFile; fileRef = ACB12F9902A9412BAF8C7E6E /* Pods_ChatFix.framework */; };
		530D01821EB1EA7B007F1768 /* MenuBar.swift in Sources */ = {isa = PBXBuildFile; fileRef = 530D01811EB1EA7B007F1768 /* MenuBar.swift */; };
		5311991A1E9160E600070A81 /* AppDelegate.swift in Sources */ = {isa = PBXBuildFile; fileRef = 531199191E9160E600070A81 /* AppDelegate.swift */; };
		5311991C1E9160E600070A81 /* MessagesController.swift in Sources */ = {isa = PBXBuildFile; fileRef = 5311991B1E9160E600070A81 /* MessagesController.swift */; };
		531199211E9160E700070A81 /* Assets.xcassets in Resources */ = {isa = PBXBuildFile; fileRef = 531199201E9160E700070A81 /* Assets.xcassets */; };
		531199241E9160E700070A81 /* LaunchScreen.storyboard in Resources */ = {isa = PBXBuildFile; fileRef = 531199221E9160E700070A81 /* LaunchScreen.storyboard */; };
		5311992D1E9166B400070A81 /* LoginController.swift in Sources */ = {isa = PBXBuildFile; fileRef = 5311992C1E9166B400070A81 /* LoginController.swift */; };
		5341BF131EA3023A00342221 /* UserNotifications.framework in Frameworks */ = {isa = PBXBuildFile; fileRef = 5341BF121EA3023A00342221 /* UserNotifications.framework */; };
		5341BF151EA3023A00342221 /* UserNotificationsUI.framework in Frameworks */ = {isa = PBXBuildFile; fileRef = 5341BF141EA3023A00342221 /* UserNotificationsUI.framework */; };
		5341BF181EA3023A00342221 /* NotificationViewController.swift in Sources */ = {isa = PBXBuildFile; fileRef = 5341BF171EA3023A00342221 /* NotificationViewController.swift */; };
		5341BF1B1EA3023A00342221 /* MainInterface.storyboard in Resources */ = {isa = PBXBuildFile; fileRef = 5341BF191EA3023A00342221 /* MainInterface.storyboard */; };
		5341BF1F1EA3023A00342221 /* NotificationExtension.appex in Embed App Extensions */ = {isa = PBXBuildFile; fileRef = 5341BF111EA3023A00342221 /* NotificationExtension.appex */; settings = {ATTRIBUTES = (RemoveHeadersOnCopy, ); }; };
		5357F7791EA283B50048999D /* Messages.framework in Frameworks */ = {isa = PBXBuildFile; fileRef = 5357F7781EA283B50048999D /* Messages.framework */; };
		5357F77B1EA283C20048999D /* MessageUI.framework in Frameworks */ = {isa = PBXBuildFile; fileRef = 5357F77A1EA283C20048999D /* MessageUI.framework */; };
		538CD8E91EAF0E0E008C4A16 /* Pulsing.swift in Sources */ = {isa = PBXBuildFile; fileRef = 538CD8E81EAF0E0E008C4A16 /* Pulsing.swift */; };
		538DAFD81EB6F5D100EE3BAC /* MenuCell.swift in Sources */ = {isa = PBXBuildFile; fileRef = 538DAFD71EB6F5D100EE3BAC /* MenuCell.swift */; };
		538DAFDB1EB7086300EE3BAC /* DateConversion.swift in Sources */ = {isa = PBXBuildFile; fileRef = 538DAFDA1EB7086300EE3BAC /* DateConversion.swift */; };
		538DAFDF1EB7271B00EE3BAC /* Settings_Launcher.swift in Sources */ = {isa = PBXBuildFile; fileRef = 538DAFDE1EB7271B00EE3BAC /* Settings_Launcher.swift */; };
		538DAFE11EB727E400EE3BAC /* Settings.swift in Sources */ = {isa = PBXBuildFile; fileRef = 538DAFE01EB727E400EE3BAC /* Settings.swift */; };
		538DAFE31EB7289300EE3BAC /* SettingCell.swift in Sources */ = {isa = PBXBuildFile; fileRef = 538DAFE21EB7289300EE3BAC /* SettingCell.swift */; };
		538DAFE51EB7A87000EE3BAC /* Enums.swift in Sources */ = {isa = PBXBuildFile; fileRef = 538DAFE41EB7A87000EE3BAC /* Enums.swift */; };
		538DAFE71EB7E46600EE3BAC /* Constraints.swift in Sources */ = {isa = PBXBuildFile; fileRef = 538DAFE61EB7E46600EE3BAC /* Constraints.swift */; };
		539C736E1E93EA83009CEB85 /* NewMessageController.swift in Sources */ = {isa = PBXBuildFile; fileRef = 539C736D1E93EA83009CEB85 /* NewMessageController.swift */; };
		539C73711E93F8B7009CEB85 /* User.swift in Sources */ = {isa = PBXBuildFile; fileRef = 539C73701E93F8B7009CEB85 /* User.swift */; };
		539C73741E9400ED009CEB85 /* UserCell.swift in Sources */ = {isa = PBXBuildFile; fileRef = 539C73731E9400ED009CEB85 /* UserCell.swift */; };
		539C73761E948C04009CEB85 /* LoginController+handlers.swift in Sources */ = {isa = PBXBuildFile; fileRef = 539C73751E948C04009CEB85 /* LoginController+handlers.swift */; };
		539C73791E956678009CEB85 /* Extensions.swift in Sources */ = {isa = PBXBuildFile; fileRef = 539C73781E956678009CEB85 /* Extensions.swift */; };
		539C737B1E97B868009CEB85 /* ChatLogController.swift in Sources */ = {isa = PBXBuildFile; fileRef = 539C737A1E97B868009CEB85 /* ChatLogController.swift */; };
		539C737D1E988EBB009CEB85 /* Message.swift in Sources */ = {isa = PBXBuildFile; fileRef = 539C737C1E988EBB009CEB85 /* Message.swift */; };
		53A17F731EC15AEB00A4070D /* ChatCell.swift in Sources */ = {isa = PBXBuildFile; fileRef = 53A17F721EC15AEB00A4070D /* ChatCell.swift */; };
		53A17F761EC19F2C00A4070D /* MessageCell.swift in Sources */ = {isa = PBXBuildFile; fileRef = 53A17F751EC19F2C00A4070D /* MessageCell.swift */; };
		53A17F9C1EC2703800A4070D /* ApiService.swift in Sources */ = {isa = PBXBuildFile; fileRef = 53A17F9B1EC2703800A4070D /* ApiService.swift */; };
		53A17FA11EC46E0E00A4070D /* BaseFeedCell.swift in Sources */ = {isa = PBXBuildFile; fileRef = 53A17FA01EC46E0E00A4070D /* BaseFeedCell.swift */; };
		53A17FA31EC481A300A4070D /* FixItCell.swift in Sources */ = {isa = PBXBuildFile; fileRef = 53A17FA21EC481A300A4070D /* FixItCell.swift */; };
		53A17FA61EC481DE00A4070D /* CheckoutCell.swift in Sources */ = {isa = PBXBuildFile; fileRef = 53A17FA51EC481DE00A4070D /* CheckoutCell.swift */; };
		53A17FA91EC4846000A4070D /* CallingCell.swift in Sources */ = {isa = PBXBuildFile; fileRef = 53A17FA81EC4846000A4070D /* CallingCell.swift */; };
		53A734561EC5EA4F001CA91C /* CleanUp.swift in Sources */ = {isa = PBXBuildFile; fileRef = 53A734551EC5EA4F001CA91C /* CleanUp.swift */; };
		53A7366D1ECF26AB001CA91C /* AnimateLabel.swift in Sources */ = {isa = PBXBuildFile; fileRef = 53A7366C1ECF26AB001CA91C /* AnimateLabel.swift */; };
		53A7366F1ED052B1001CA91C /* WorkCell.swift in Sources */ = {isa = PBXBuildFile; fileRef = 53A7366E1ED052B1001CA91C /* WorkCell.swift */; };
		53A736711ED06019001CA91C /* Work.swift in Sources */ = {isa = PBXBuildFile; fileRef = 53A736701ED06019001CA91C /* Work.swift */; };
		53A736731ED06FFA001CA91C /* work.json in Resources */ = {isa = PBXBuildFile; fileRef = 53A736721ED06FF9001CA91C /* work.json */; };
		53A736751ED189EF001CA91C /* single.json in Resources */ = {isa = PBXBuildFile; fileRef = 53A736741ED189EF001CA91C /* single.json */; };
		53A736771ED1E178001CA91C /* SafeJson.swift in Sources */ = {isa = PBXBuildFile; fileRef = 53A736761ED1E178001CA91C /* SafeJson.swift */; };
		53A7367A1ED205BF001CA91C /* BaseWorkView.swift in Sources */ = {isa = PBXBuildFile; fileRef = 53A736791ED205BF001CA91C /* BaseWorkView.swift */; };
		53A7369A1ED463E8001CA91C /* Constants.swift in Sources */ = {isa = PBXBuildFile; fileRef = 53A736991ED463E8001CA91C /* Constants.swift */; };
		53A7369C1ED5E033001CA91C /* QuoteViewController.swift in Sources */ = {isa = PBXBuildFile; fileRef = 53A7369B1ED5E02E001CA91C /* QuoteViewController.swift */; };
		53A8DF2F1E9AB6EB001B6A9B /* ChatMessageCell.swift in Sources */ = {isa = PBXBuildFile; fileRef = 53A8DF2E1E9AB6EB001B6A9B /* ChatMessageCell.swift */; };
		53A9B3A41E927F8100D271A9 /* GoogleService-Info.plist in Resources */ = {isa = PBXBuildFile; fileRef = 53A9B3A31E927F8100D271A9 /* GoogleService-Info.plist */; };
		53D7C20F1EA0A2C700444976 /* ChatInputContainerView.swift in Sources */ = {isa = PBXBuildFile; fileRef = 53D7C20E1EA0A2C700444976 /* ChatInputContainerView.swift */; };
/* End PBXBuildFile section */

/* Begin PBXContainerItemProxy section */
		5341BF1D1EA3023A00342221 /* PBXContainerItemProxy */ = {
			isa = PBXContainerItemProxy;
			containerPortal = 5311990E1E9160E600070A81 /* Project object */;
			proxyType = 1;
			remoteGlobalIDString = 5341BF101EA3023A00342221;
			remoteInfo = NotificationExtension;
		};
/* End PBXContainerItemProxy section */

/* Begin PBXCopyFilesBuildPhase section */
		5341BF231EA3023A00342221 /* Embed App Extensions */ = {
			isa = PBXCopyFilesBuildPhase;
			buildActionMask = 2147483647;
			dstPath = "";
			dstSubfolderSpec = 13;
			files = (
				5341BF1F1EA3023A00342221 /* NotificationExtension.appex in Embed App Extensions */,
			);
			name = "Embed App Extensions";
			runOnlyForDeploymentPostprocessing = 0;
		};
/* End PBXCopyFilesBuildPhase section */

/* Begin PBXFileReference section */
		0335EDA62783A580E6075FD8 /* Pods-ChatFix.release.xcconfig */ = {isa = PBXFileReference; includeInIndex = 1; lastKnownFileType = text.xcconfig; name = "Pods-ChatFix.release.xcconfig"; path = "Pods/Target Support Files/Pods-ChatFix/Pods-ChatFix.release.xcconfig"; sourceTree = "<group>"; };
		530D01811EB1EA7B007F1768 /* MenuBar.swift */ = {isa = PBXFileReference; fileEncoding = 4; lastKnownFileType = sourcecode.swift; path = MenuBar.swift; sourceTree = "<group>"; };
		531199161E9160E600070A81 /* ChatFix.app */ = {isa = PBXFileReference; explicitFileType = wrapper.application; includeInIndex = 0; path = ChatFix.app; sourceTree = BUILT_PRODUCTS_DIR; };
		531199191E9160E600070A81 /* AppDelegate.swift */ = {isa = PBXFileReference; lastKnownFileType = sourcecode.swift; path = AppDelegate.swift; sourceTree = "<group>"; };
		5311991B1E9160E600070A81 /* MessagesController.swift */ = {isa = PBXFileReference; lastKnownFileType = sourcecode.swift; path = MessagesController.swift; sourceTree = "<group>"; };
		531199201E9160E700070A81 /* Assets.xcassets */ = {isa = PBXFileReference; lastKnownFileType = folder.assetcatalog; path = Assets.xcassets; sourceTree = "<group>"; };
		531199231E9160E700070A81 /* Base */ = {isa = PBXFileReference; lastKnownFileType = file.storyboard; name = Base; path = Base.lproj/LaunchScreen.storyboard; sourceTree = "<group>"; };
		531199251E9160E700070A81 /* Info.plist */ = {isa = PBXFileReference; lastKnownFileType = text.plist.xml; path = Info.plist; sourceTree = "<group>"; };
		5311992C1E9166B400070A81 /* LoginController.swift */ = {isa = PBXFileReference; fileEncoding = 4; lastKnownFileType = sourcecode.swift; path = LoginController.swift; sourceTree = "<group>"; };
		5341BF111EA3023A00342221 /* NotificationExtension.appex */ = {isa = PBXFileReference; explicitFileType = "wrapper.app-extension"; includeInIndex = 0; path = NotificationExtension.appex; sourceTree = BUILT_PRODUCTS_DIR; };
		5341BF121EA3023A00342221 /* UserNotifications.framework */ = {isa = PBXFileReference; lastKnownFileType = wrapper.framework; name = UserNotifications.framework; path = System/Library/Frameworks/UserNotifications.framework; sourceTree = SDKROOT; };
		5341BF141EA3023A00342221 /* UserNotificationsUI.framework */ = {isa = PBXFileReference; lastKnownFileType = wrapper.framework; name = UserNotificationsUI.framework; path = System/Library/Frameworks/UserNotificationsUI.framework; sourceTree = SDKROOT; };
		5341BF171EA3023A00342221 /* NotificationViewController.swift */ = {isa = PBXFileReference; lastKnownFileType = sourcecode.swift; path = NotificationViewController.swift; sourceTree = "<group>"; };
		5341BF1A1EA3023A00342221 /* Base */ = {isa = PBXFileReference; lastKnownFileType = file.storyboard; name = Base; path = Base.lproj/MainInterface.storyboard; sourceTree = "<group>"; };
		5341BF1C1EA3023A00342221 /* Info.plist */ = {isa = PBXFileReference; lastKnownFileType = text.plist.xml; path = Info.plist; sourceTree = "<group>"; };
		5357F7771EA1D2AB0048999D /* gameOfchats.entitlements */ = {isa = PBXFileReference; lastKnownFileType = text.plist.entitlements; path = gameOfchats.entitlements; sourceTree = "<group>"; };
		5357F7781EA283B50048999D /* Messages.framework */ = {isa = PBXFileReference; lastKnownFileType = wrapper.framework; name = Messages.framework; path = System/Library/Frameworks/Messages.framework; sourceTree = SDKROOT; };
		5357F77A1EA283C20048999D /* MessageUI.framework */ = {isa = PBXFileReference; lastKnownFileType = wrapper.framework; name = MessageUI.framework; path = System/Library/Frameworks/MessageUI.framework; sourceTree = SDKROOT; };
		538CD8E81EAF0E0E008C4A16 /* Pulsing.swift */ = {isa = PBXFileReference; fileEncoding = 4; lastKnownFileType = sourcecode.swift; path = Pulsing.swift; sourceTree = "<group>"; };
		538CD8EE1EB053C3008C4A16 /* EZLoadingActivity.framework */ = {isa = PBXFileReference; lastKnownFileType = wrapper.framework; name = EZLoadingActivity.framework; path = "../../Library/Developer/Xcode/DerivedData/gameOfchats-dbamtuffgponcadlwsyhvjexfkfp/Build/Products/Debug-iphonesimulator/EZLoadingActivity/EZLoadingActivity.framework"; sourceTree = "<group>"; };
		538CD8F11EB0665E008C4A16 /* Pods_gameOfchats.framework */ = {isa = PBXFileReference; lastKnownFileType = wrapper.framework; name = Pods_gameOfchats.framework; path = "../../Library/Developer/Xcode/DerivedData/gameOfchats-dbamtuffgponcadlwsyhvjexfkfp/Build/Products/Debug-iphonesimulator/Pods_gameOfchats.framework"; sourceTree = "<group>"; };
		538DAFD71EB6F5D100EE3BAC /* MenuCell.swift */ = {isa = PBXFileReference; fileEncoding = 4; lastKnownFileType = sourcecode.swift; path = MenuCell.swift; sourceTree = "<group>"; };
		538DAFDA1EB7086300EE3BAC /* DateConversion.swift */ = {isa = PBXFileReference; fileEncoding = 4; lastKnownFileType = sourcecode.swift; path = DateConversion.swift; sourceTree = "<group>"; };
		538DAFDE1EB7271B00EE3BAC /* Settings_Launcher.swift */ = {isa = PBXFileReference; fileEncoding = 4; lastKnownFileType = sourcecode.swift; path = Settings_Launcher.swift; sourceTree = "<group>"; };
		538DAFE01EB727E400EE3BAC /* Settings.swift */ = {isa = PBXFileReference; fileEncoding = 4; lastKnownFileType = sourcecode.swift; path = Settings.swift; sourceTree = "<group>"; };
		538DAFE21EB7289300EE3BAC /* SettingCell.swift */ = {isa = PBXFileReference; fileEncoding = 4; lastKnownFileType = sourcecode.swift; path = SettingCell.swift; sourceTree = "<group>"; };
		538DAFE41EB7A87000EE3BAC /* Enums.swift */ = {isa = PBXFileReference; fileEncoding = 4; lastKnownFileType = sourcecode.swift; path = Enums.swift; sourceTree = "<group>"; };
		538DAFE61EB7E46600EE3BAC /* Constraints.swift */ = {isa = PBXFileReference; fileEncoding = 4; lastKnownFileType = sourcecode.swift; path = Constraints.swift; sourceTree = "<group>"; };
		539C736D1E93EA83009CEB85 /* NewMessageController.swift */ = {isa = PBXFileReference; fileEncoding = 4; lastKnownFileType = sourcecode.swift; path = NewMessageController.swift; sourceTree = "<group>"; };
		539C73701E93F8B7009CEB85 /* User.swift */ = {isa = PBXFileReference; fileEncoding = 4; lastKnownFileType = sourcecode.swift; path = User.swift; sourceTree = "<group>"; };
		539C73731E9400ED009CEB85 /* UserCell.swift */ = {isa = PBXFileReference; fileEncoding = 4; lastKnownFileType = sourcecode.swift; path = UserCell.swift; sourceTree = "<group>"; };
		539C73751E948C04009CEB85 /* LoginController+handlers.swift */ = {isa = PBXFileReference; fileEncoding = 4; lastKnownFileType = sourcecode.swift; path = "LoginController+handlers.swift"; sourceTree = "<group>"; };
		539C73781E956678009CEB85 /* Extensions.swift */ = {isa = PBXFileReference; fileEncoding = 4; lastKnownFileType = sourcecode.swift; path = Extensions.swift; sourceTree = "<group>"; };
		539C737A1E97B868009CEB85 /* ChatLogController.swift */ = {isa = PBXFileReference; fileEncoding = 4; lastKnownFileType = sourcecode.swift; path = ChatLogController.swift; sourceTree = "<group>"; };
		539C737C1E988EBB009CEB85 /* Message.swift */ = {isa = PBXFileReference; fileEncoding = 4; lastKnownFileType = sourcecode.swift; path = Message.swift; sourceTree = "<group>"; };
		53A17F721EC15AEB00A4070D /* ChatCell.swift */ = {isa = PBXFileReference; fileEncoding = 4; lastKnownFileType = sourcecode.swift; path = ChatCell.swift; sourceTree = "<group>"; };
		53A17F751EC19F2C00A4070D /* MessageCell.swift */ = {isa = PBXFileReference; fileEncoding = 4; lastKnownFileType = sourcecode.swift; path = MessageCell.swift; sourceTree = "<group>"; };
		53A17F9B1EC2703800A4070D /* ApiService.swift */ = {isa = PBXFileReference; fileEncoding = 4; lastKnownFileType = sourcecode.swift; path = ApiService.swift; sourceTree = "<group>"; };
		53A17FA01EC46E0E00A4070D /* BaseFeedCell.swift */ = {isa = PBXFileReference; fileEncoding = 4; lastKnownFileType = sourcecode.swift; path = BaseFeedCell.swift; sourceTree = "<group>"; };
		53A17FA21EC481A300A4070D /* FixItCell.swift */ = {isa = PBXFileReference; fileEncoding = 4; lastKnownFileType = sourcecode.swift; path = FixItCell.swift; sourceTree = "<group>"; };
		53A17FA51EC481DE00A4070D /* CheckoutCell.swift */ = {isa = PBXFileReference; fileEncoding = 4; lastKnownFileType = sourcecode.swift; path = CheckoutCell.swift; sourceTree = "<group>"; };
		53A17FA81EC4846000A4070D /* CallingCell.swift */ = {isa = PBXFileReference; fileEncoding = 4; lastKnownFileType = sourcecode.swift; path = CallingCell.swift; sourceTree = "<group>"; };
		53A734551EC5EA4F001CA91C /* CleanUp.swift */ = {isa = PBXFileReference; fileEncoding = 4; lastKnownFileType = sourcecode.swift; path = CleanUp.swift; sourceTree = "<group>"; };
		53A7366C1ECF26AB001CA91C /* AnimateLabel.swift */ = {isa = PBXFileReference; fileEncoding = 4; lastKnownFileType = sourcecode.swift; path = AnimateLabel.swift; sourceTree = "<group>"; };
		53A7366E1ED052B1001CA91C /* WorkCell.swift */ = {isa = PBXFileReference; fileEncoding = 4; lastKnownFileType = sourcecode.swift; path = WorkCell.swift; sourceTree = "<group>"; };
		53A736701ED06019001CA91C /* Work.swift */ = {isa = PBXFileReference; fileEncoding = 4; lastKnownFileType = sourcecode.swift; path = Work.swift; sourceTree = "<group>"; };
		53A736721ED06FF9001CA91C /* work.json */ = {isa = PBXFileReference; fileEncoding = 4; lastKnownFileType = text.json; path = work.json; sourceTree = "<group>"; };
		53A736741ED189EF001CA91C /* single.json */ = {isa = PBXFileReference; fileEncoding = 4; lastKnownFileType = text.json; path = single.json; sourceTree = "<group>"; };
		53A736761ED1E178001CA91C /* SafeJson.swift */ = {isa = PBXFileReference; fileEncoding = 4; lastKnownFileType = sourcecode.swift; path = SafeJson.swift; sourceTree = "<group>"; };
		53A736791ED205BF001CA91C /* BaseWorkView.swift */ = {isa = PBXFileReference; fileEncoding = 4; lastKnownFileType = sourcecode.swift; path = BaseWorkView.swift; sourceTree = "<group>"; };
		53A736991ED463E8001CA91C /* Constants.swift */ = {isa = PBXFileReference; fileEncoding = 4; lastKnownFileType = sourcecode.swift; path = Constants.swift; sourceTree = "<group>"; };
		53A7369B1ED5E02E001CA91C /* QuoteViewController.swift */ = {isa = PBXFileReference; fileEncoding = 4; lastKnownFileType = sourcecode.swift; path = QuoteViewController.swift; sourceTree = "<group>"; };
		53A8DF2E1E9AB6EB001B6A9B /* ChatMessageCell.swift */ = {isa = PBXFileReference; fileEncoding = 4; lastKnownFileType = sourcecode.swift; path = ChatMessageCell.swift; sourceTree = "<group>"; };
		53A9B3A31E927F8100D271A9 /* GoogleService-Info.plist */ = {isa = PBXFileReference; fileEncoding = 4; lastKnownFileType = text.plist.xml; path = "GoogleService-Info.plist"; sourceTree = "<group>"; };
		53D7C20E1EA0A2C700444976 /* ChatInputContainerView.swift */ = {isa = PBXFileReference; fileEncoding = 4; lastKnownFileType = sourcecode.swift; path = ChatInputContainerView.swift; sourceTree = "<group>"; };
		6B57E4F9216D8059E473550E /* Pods-gameOfchats.debug.xcconfig */ = {isa = PBXFileReference; includeInIndex = 1; lastKnownFileType = text.xcconfig; name = "Pods-gameOfchats.debug.xcconfig"; path = "Pods/Target Support Files/Pods-gameOfchats/Pods-gameOfchats.debug.xcconfig"; sourceTree = "<group>"; };
		72B43C16AC5C49F094B3A320 /* Pods-ChatFix.debug.xcconfig */ = {isa = PBXFileReference; includeInIndex = 1; lastKnownFileType = text.xcconfig; name = "Pods-ChatFix.debug.xcconfig"; path = "Pods/Target Support Files/Pods-ChatFix/Pods-ChatFix.debug.xcconfig"; sourceTree = "<group>"; };
		9C70DA0F42912E1583353AB6 /* Pods_gameOfchats.framework */ = {isa = PBXFileReference; explicitFileType = wrapper.framework; includeInIndex = 0; path = Pods_gameOfchats.framework; sourceTree = BUILT_PRODUCTS_DIR; };
		ACB12F9902A9412BAF8C7E6E /* Pods_ChatFix.framework */ = {isa = PBXFileReference; explicitFileType = wrapper.framework; includeInIndex = 0; path = Pods_ChatFix.framework; sourceTree = BUILT_PRODUCTS_DIR; };
		D73CEF21CEAE67C3A4F966B5 /* Pods-gameOfchats.release.xcconfig */ = {isa = PBXFileReference; includeInIndex = 1; lastKnownFileType = text.xcconfig; name = "Pods-gameOfchats.release.xcconfig"; path = "Pods/Target Support Files/Pods-gameOfchats/Pods-gameOfchats.release.xcconfig"; sourceTree = "<group>"; };
/* End PBXFileReference section */

/* Begin PBXFrameworksBuildPhase section */
		531199131E9160E600070A81 /* Frameworks */ = {
			isa = PBXFrameworksBuildPhase;
			buildActionMask = 2147483647;
			files = (
				5357F77B1EA283C20048999D /* MessageUI.framework in Frameworks */,
				5357F7791EA283B50048999D /* Messages.framework in Frameworks */,
				305EE069727099445CD6DFFE /* Pods_gameOfchats.framework in Frameworks */,
				41DCB9C1C2415522DF0A5C9A /* Pods_ChatFix.framework in Frameworks */,
			);
			runOnlyForDeploymentPostprocessing = 0;
		};
		5341BF0E1EA3023A00342221 /* Frameworks */ = {
			isa = PBXFrameworksBuildPhase;
			buildActionMask = 2147483647;
			files = (
				5341BF151EA3023A00342221 /* UserNotificationsUI.framework in Frameworks */,
				5341BF131EA3023A00342221 /* UserNotifications.framework in Frameworks */,
			);
			runOnlyForDeploymentPostprocessing = 0;
		};
/* End PBXFrameworksBuildPhase section */

/* Begin PBXGroup section */
		1C9E033606D51DB0A47F19A6 /* Frameworks */ = {
			isa = PBXGroup;
			children = (
				538CD8F11EB0665E008C4A16 /* Pods_gameOfchats.framework */,
				538CD8EE1EB053C3008C4A16 /* EZLoadingActivity.framework */,
				5357F77A1EA283C20048999D /* MessageUI.framework */,
				5357F7781EA283B50048999D /* Messages.framework */,
				9C70DA0F42912E1583353AB6 /* Pods_gameOfchats.framework */,
				5341BF121EA3023A00342221 /* UserNotifications.framework */,
				5341BF141EA3023A00342221 /* UserNotificationsUI.framework */,
				ACB12F9902A9412BAF8C7E6E /* Pods_ChatFix.framework */,
			);
			name = Frameworks;
			sourceTree = "<group>";
		};
		4024E444E7526475666B4398 /* Pods */ = {
			isa = PBXGroup;
			children = (
				6B57E4F9216D8059E473550E /* Pods-gameOfchats.debug.xcconfig */,
				D73CEF21CEAE67C3A4F966B5 /* Pods-gameOfchats.release.xcconfig */,
				72B43C16AC5C49F094B3A320 /* Pods-ChatFix.debug.xcconfig */,
				0335EDA62783A580E6075FD8 /* Pods-ChatFix.release.xcconfig */,
			);
			name = Pods;
			sourceTree = "<group>";
		};
		5311990D1E9160E600070A81 = {
			isa = PBXGroup;
			children = (
				531199181E9160E600070A81 /* gameOfchats */,
				5341BF161EA3023A00342221 /* NotificationExtension */,
				531199171E9160E600070A81 /* Products */,
				4024E444E7526475666B4398 /* Pods */,
				1C9E033606D51DB0A47F19A6 /* Frameworks */,
			);
			sourceTree = "<group>";
		};
		531199171E9160E600070A81 /* Products */ = {
			isa = PBXGroup;
			children = (
				531199161E9160E600070A81 /* ChatFix.app */,
				5341BF111EA3023A00342221 /* NotificationExtension.appex */,
			);
			name = Products;
			sourceTree = "<group>";
		};
		531199181E9160E600070A81 /* gameOfchats */ = {
			isa = PBXGroup;
			children = (
				53A17F9A1EC2700A00A4070D /* API Service */,
				538DAFD91EB7083D00EE3BAC /* Extensions */,
				538CD8E71EAF0DA5008C4A16 /* Animations */,
				5357F7771EA1D2AB0048999D /* gameOfchats.entitlements */,
				539C73771E956647009CEB85 /* Helpers */,
				539C73751E948C04009CEB85 /* LoginController+handlers.swift */,
				539C73721E9400B3009CEB85 /* Views */,
				539C736F1E93F859009CEB85 /* Model */,
				5311992B1E9164FA00070A81 /* Controllers */,
				531199191E9160E600070A81 /* AppDelegate.swift */,
				531199201E9160E700070A81 /* Assets.xcassets */,
				531199221E9160E700070A81 /* LaunchScreen.storyboard */,
				531199251E9160E700070A81 /* Info.plist */,
				53A9B3A31E927F8100D271A9 /* GoogleService-Info.plist */,
				53A734551EC5EA4F001CA91C /* CleanUp.swift */,
				53A736721ED06FF9001CA91C /* work.json */,
				53A736741ED189EF001CA91C /* single.json */,
				53A736991ED463E8001CA91C /* Constants.swift */,
			);
			path = gameOfchats;
			sourceTree = "<group>";
		};
		5311992B1E9164FA00070A81 /* Controllers */ = {
			isa = PBXGroup;
			children = (
				5311991B1E9160E600070A81 /* MessagesController.swift */,
				539C736D1E93EA83009CEB85 /* NewMessageController.swift */,
				538DAFDE1EB7271B00EE3BAC /* Settings_Launcher.swift */,
				5311992C1E9166B400070A81 /* LoginController.swift */,
				539C737A1E97B868009CEB85 /* ChatLogController.swift */,
				53A7369B1ED5E02E001CA91C /* QuoteViewController.swift */,
			);
			name = Controllers;
			sourceTree = "<group>";
		};
		5341BF161EA3023A00342221 /* NotificationExtension */ = {
			isa = PBXGroup;
			children = (
				5341BF171EA3023A00342221 /* NotificationViewController.swift */,
				5341BF191EA3023A00342221 /* MainInterface.storyboard */,
				5341BF1C1EA3023A00342221 /* Info.plist */,
			);
			path = NotificationExtension;
			sourceTree = "<group>";
		};
		538CD8E71EAF0DA5008C4A16 /* Animations */ = {
			isa = PBXGroup;
			children = (
				538CD8E81EAF0E0E008C4A16 /* Pulsing.swift */,
				53A7366C1ECF26AB001CA91C /* AnimateLabel.swift */,
			);
			name = Animations;
			sourceTree = "<group>";
		};
		538DAFD91EB7083D00EE3BAC /* Extensions */ = {
			isa = PBXGroup;
			children = (
				538DAFDA1EB7086300EE3BAC /* DateConversion.swift */,
				538DAFE41EB7A87000EE3BAC /* Enums.swift */,
				538DAFE61EB7E46600EE3BAC /* Constraints.swift */,
			);
			name = Extensions;
			sourceTree = "<group>";
		};
		539C736F1E93F859009CEB85 /* Model */ = {
			isa = PBXGroup;
			children = (
				539C73701E93F8B7009CEB85 /* User.swift */,
				538DAFE01EB727E400EE3BAC /* Settings.swift */,
				539C737C1E988EBB009CEB85 /* Message.swift */,
				53A736701ED06019001CA91C /* Work.swift */,
			);
			name = Model;
			sourceTree = "<group>";
		};
		539C73721E9400B3009CEB85 /* Views */ = {
			isa = PBXGroup;
			children = (
				53A736781ED20536001CA91C /* Work Views */,
				53A17F9F1EC46DBE00A4070D /* Main Pages */,
				53A17F741EC19EFA00A4070D /* Cells */,
				538DAFE21EB7289300EE3BAC /* SettingCell.swift */,
				530D01811EB1EA7B007F1768 /* MenuBar.swift */,
				539C73731E9400ED009CEB85 /* UserCell.swift */,
				53A8DF2E1E9AB6EB001B6A9B /* ChatMessageCell.swift */,
				53D7C20E1EA0A2C700444976 /* ChatInputContainerView.swift */,
				538DAFD71EB6F5D100EE3BAC /* MenuCell.swift */,
			);
			name = Views;
			sourceTree = "<group>";
		};
		539C73771E956647009CEB85 /* Helpers */ = {
			isa = PBXGroup;
			children = (
				539C73781E956678009CEB85 /* Extensions.swift */,
			);
			name = Helpers;
			sourceTree = "<group>";
		};
		53A17F741EC19EFA00A4070D /* Cells */ = {
			isa = PBXGroup;
			children = (
				53A17F751EC19F2C00A4070D /* MessageCell.swift */,
				53A7366E1ED052B1001CA91C /* WorkCell.swift */,
			);
			name = Cells;
			sourceTree = "<group>";
		};
		53A17F9A1EC2700A00A4070D /* API Service */ = {
			isa = PBXGroup;
			children = (
				53A17F9B1EC2703800A4070D /* ApiService.swift */,
				53A736761ED1E178001CA91C /* SafeJson.swift */,
			);
			name = "API Service";
			sourceTree = "<group>";
		};
		53A17F9F1EC46DBE00A4070D /* Main Pages */ = {
			isa = PBXGroup;
			children = (
				53A17F721EC15AEB00A4070D /* ChatCell.swift */,
				53A17FA81EC4846000A4070D /* CallingCell.swift */,
				53A17FA01EC46E0E00A4070D /* BaseFeedCell.swift */,
				53A17FA21EC481A300A4070D /* FixItCell.swift */,
				53A17FA51EC481DE00A4070D /* CheckoutCell.swift */,
			);
			name = "Main Pages";
			sourceTree = "<group>";
		};
		53A736781ED20536001CA91C /* Work Views */ = {
			isa = PBXGroup;
			children = (
				53A736791ED205BF001CA91C /* BaseWorkView.swift */,
			);
			name = "Work Views";
			sourceTree = "<group>";
		};
/* End PBXGroup section */

/* Begin PBXNativeTarget section */
		531199151E9160E600070A81 /* ChatFix */ = {
			isa = PBXNativeTarget;
			buildConfigurationList = 531199281E9160E700070A81 /* Build configuration list for PBXNativeTarget "ChatFix" */;
			buildPhases = (
				54F6F1178B78A07A206C2B03 /* [CP] Check Pods Manifest.lock */,
				531199121E9160E600070A81 /* Sources */,
				531199131E9160E600070A81 /* Frameworks */,
				531199141E9160E600070A81 /* Resources */,
				5341BF231EA3023A00342221 /* Embed App Extensions */,
				CAD56015E83D6CBDFD4ADB63 /* [CP] Embed Pods Frameworks */,
				BA12FAC0C58ED00D8C4E120C /* [CP] Copy Pods Resources */,
			);
			buildRules = (
			);
			dependencies = (
				5341BF1E1EA3023A00342221 /* PBXTargetDependency */,
			);
			name = ChatFix;
			productName = gameOfchats;
			productReference = 531199161E9160E600070A81 /* ChatFix.app */;
			productType = "com.apple.product-type.application";
		};
		5341BF101EA3023A00342221 /* NotificationExtension */ = {
			isa = PBXNativeTarget;
			buildConfigurationList = 5341BF221EA3023A00342221 /* Build configuration list for PBXNativeTarget "NotificationExtension" */;
			buildPhases = (
				5341BF0D1EA3023A00342221 /* Sources */,
				5341BF0E1EA3023A00342221 /* Frameworks */,
				5341BF0F1EA3023A00342221 /* Resources */,
			);
			buildRules = (
			);
			dependencies = (
			);
			name = NotificationExtension;
			productName = NotificationExtension;
			productReference = 5341BF111EA3023A00342221 /* NotificationExtension.appex */;
			productType = "com.apple.product-type.app-extension";
		};
/* End PBXNativeTarget section */

/* Begin PBXProject section */
		5311990E1E9160E600070A81 /* Project object */ = {
			isa = PBXProject;
			attributes = {
				LastSwiftUpdateCheck = 0830;
				LastUpgradeCheck = 0830;
				ORGANIZATIONNAME = Kev1;
				TargetAttributes = {
					531199151E9160E600070A81 = {
						CreatedOnToolsVersion = 8.3;
						DevelopmentTeam = SC6R6MV2N8;
						ProvisioningStyle = Automatic;
						SystemCapabilities = {
							com.apple.BackgroundModes = {
								enabled = 1;
							};
							com.apple.Push = {
								enabled = 1;
							};
						};
					};
					5341BF101EA3023A00342221 = {
						CreatedOnToolsVersion = 8.3;
						DevelopmentTeam = SC6R6MV2N8;
						ProvisioningStyle = Automatic;
					};
				};
			};
			buildConfigurationList = 531199111E9160E600070A81 /* Build configuration list for PBXProject "ChatFix" */;
			compatibilityVersion = "Xcode 3.2";
			developmentRegion = English;
			hasScannedForEncodings = 0;
			knownRegions = (
				en,
				Base,
			);
			mainGroup = 5311990D1E9160E600070A81;
			productRefGroup = 531199171E9160E600070A81 /* Products */;
			projectDirPath = "";
			projectRoot = "";
			targets = (
				531199151E9160E600070A81 /* ChatFix */,
				5341BF101EA3023A00342221 /* NotificationExtension */,
			);
		};
/* End PBXProject section */

/* Begin PBXResourcesBuildPhase section */
		531199141E9160E600070A81 /* Resources */ = {
			isa = PBXResourcesBuildPhase;
			buildActionMask = 2147483647;
			files = (
				53A736731ED06FFA001CA91C /* work.json in Resources */,
				531199241E9160E700070A81 /* LaunchScreen.storyboard in Resources */,
				53A736751ED189EF001CA91C /* single.json in Resources */,
				53A9B3A41E927F8100D271A9 /* GoogleService-Info.plist in Resources */,
				531199211E9160E700070A81 /* Assets.xcassets in Resources */,
			);
			runOnlyForDeploymentPostprocessing = 0;
		};
		5341BF0F1EA3023A00342221 /* Resources */ = {
			isa = PBXResourcesBuildPhase;
			buildActionMask = 2147483647;
			files = (
				5341BF1B1EA3023A00342221 /* MainInterface.storyboard in Resources */,
			);
			runOnlyForDeploymentPostprocessing = 0;
		};
/* End PBXResourcesBuildPhase section */

/* Begin PBXShellScriptBuildPhase section */
		54F6F1178B78A07A206C2B03 /* [CP] Check Pods Manifest.lock */ = {
			isa = PBXShellScriptBuildPhase;
			buildActionMask = 2147483647;
			files = (
			);
			inputPaths = (
			);
			name = "[CP] Check Pods Manifest.lock";
			outputPaths = (
			);
			runOnlyForDeploymentPostprocessing = 0;
			shellPath = /bin/sh;
			shellScript = "diff \"${PODS_ROOT}/../Podfile.lock\" \"${PODS_ROOT}/Manifest.lock\" > /dev/null\nif [ $? != 0 ] ; then\n    # print error to STDERR\n    echo \"error: The sandbox is not in sync with the Podfile.lock. Run 'pod install' or update your CocoaPods installation.\" >&2\n    exit 1\nfi\n";
			showEnvVarsInLog = 0;
		};
		BA12FAC0C58ED00D8C4E120C /* [CP] Copy Pods Resources */ = {
			isa = PBXShellScriptBuildPhase;
			buildActionMask = 2147483647;
			files = (
			);
			inputPaths = (
			);
			name = "[CP] Copy Pods Resources";
			outputPaths = (
			);
			runOnlyForDeploymentPostprocessing = 0;
			shellPath = /bin/sh;
			shellScript = "\"${SRCROOT}/Pods/Target Support Files/Pods-ChatFix/Pods-ChatFix-resources.sh\"\n";
			showEnvVarsInLog = 0;
		};
		CAD56015E83D6CBDFD4ADB63 /* [CP] Embed Pods Frameworks */ = {
			isa = PBXShellScriptBuildPhase;
			buildActionMask = 2147483647;
			files = (
			);
			inputPaths = (
			);
			name = "[CP] Embed Pods Frameworks";
			outputPaths = (
			);
			runOnlyForDeploymentPostprocessing = 0;
			shellPath = /bin/sh;
			shellScript = "\"${SRCROOT}/Pods/Target Support Files/Pods-ChatFix/Pods-ChatFix-frameworks.sh\"\n";
			showEnvVarsInLog = 0;
		};
/* End PBXShellScriptBuildPhase section */

/* Begin PBXSourcesBuildPhase section */
		531199121E9160E600070A81 /* Sources */ = {
			isa = PBXSourcesBuildPhase;
			buildActionMask = 2147483647;
			files = (
				538CD8E91EAF0E0E008C4A16 /* Pulsing.swift in Sources */,
				538DAFE71EB7E46600EE3BAC /* Constraints.swift in Sources */,
				53A17FA61EC481DE00A4070D /* CheckoutCell.swift in Sources */,
				53A734561EC5EA4F001CA91C /* CleanUp.swift in Sources */,
				538DAFDF1EB7271B00EE3BAC /* Settings_Launcher.swift in Sources */,
				538DAFE51EB7A87000EE3BAC /* Enums.swift in Sources */,
				539C737B1E97B868009CEB85 /* ChatLogController.swift in Sources */,
				53D7C20F1EA0A2C700444976 /* ChatInputContainerView.swift in Sources */,
				53A736771ED1E178001CA91C /* SafeJson.swift in Sources */,
				53A736711ED06019001CA91C /* Work.swift in Sources */,
				53A17FA91EC4846000A4070D /* CallingCell.swift in Sources */,
				53A17F761EC19F2C00A4070D /* MessageCell.swift in Sources */,
				538DAFDB1EB7086300EE3BAC /* DateConversion.swift in Sources */,
				53A17FA31EC481A300A4070D /* FixItCell.swift in Sources */,
				539C736E1E93EA83009CEB85 /* NewMessageController.swift in Sources */,
				53A17FA11EC46E0E00A4070D /* BaseFeedCell.swift in Sources */,
				538DAFE11EB727E400EE3BAC /* Settings.swift in Sources */,
				5311991C1E9160E600070A81 /* MessagesController.swift in Sources */,
				539C73741E9400ED009CEB85 /* UserCell.swift in Sources */,
				538DAFE31EB7289300EE3BAC /* SettingCell.swift in Sources */,
				539C73791E956678009CEB85 /* Extensions.swift in Sources */,
				53A7369C1ED5E033001CA91C /* QuoteViewController.swift in Sources */,
				53A17F9C1EC2703800A4070D /* ApiService.swift in Sources */,
				53A17F731EC15AEB00A4070D /* ChatCell.swift in Sources */,
				5311992D1E9166B400070A81 /* LoginController.swift in Sources */,
				53A7366F1ED052B1001CA91C /* WorkCell.swift in Sources */,
				53A7369A1ED463E8001CA91C /* Constants.swift in Sources */,
				53A7366D1ECF26AB001CA91C /* AnimateLabel.swift in Sources */,
				539C73761E948C04009CEB85 /* LoginController+handlers.swift in Sources */,
				53A8DF2F1E9AB6EB001B6A9B /* ChatMessageCell.swift in Sources */,
				539C737D1E988EBB009CEB85 /* Message.swift in Sources */,
				538DAFD81EB6F5D100EE3BAC /* MenuCell.swift in Sources */,
				539C73711E93F8B7009CEB85 /* User.swift in Sources */,
				530D01821EB1EA7B007F1768 /* MenuBar.swift in Sources */,
				53A7367A1ED205BF001CA91C /* BaseWorkView.swift in Sources */,
				5311991A1E9160E600070A81 /* AppDelegate.swift in Sources */,
			);
			runOnlyForDeploymentPostprocessing = 0;
		};
		5341BF0D1EA3023A00342221 /* Sources */ = {
			isa = PBXSourcesBuildPhase;
			buildActionMask = 2147483647;
			files = (
				5341BF181EA3023A00342221 /* NotificationViewController.swift in Sources */,
			);
			runOnlyForDeploymentPostprocessing = 0;
		};
/* End PBXSourcesBuildPhase section */

/* Begin PBXTargetDependency section */
		5341BF1E1EA3023A00342221 /* PBXTargetDependency */ = {
			isa = PBXTargetDependency;
			target = 5341BF101EA3023A00342221 /* NotificationExtension */;
			targetProxy = 5341BF1D1EA3023A00342221 /* PBXContainerItemProxy */;
		};
/* End PBXTargetDependency section */

/* Begin PBXVariantGroup section */
		531199221E9160E700070A81 /* LaunchScreen.storyboard */ = {
			isa = PBXVariantGroup;
			children = (
				531199231E9160E700070A81 /* Base */,
			);
			name = LaunchScreen.storyboard;
			sourceTree = "<group>";
		};
		5341BF191EA3023A00342221 /* MainInterface.storyboard */ = {
			isa = PBXVariantGroup;
			children = (
				5341BF1A1EA3023A00342221 /* Base */,
			);
			name = MainInterface.storyboard;
			sourceTree = "<group>";
		};
/* End PBXVariantGroup section */

/* Begin XCBuildConfiguration section */
		531199261E9160E700070A81 /* Debug */ = {
			isa = XCBuildConfiguration;
			buildSettings = {
				ALWAYS_SEARCH_USER_PATHS = NO;
				CLANG_ANALYZER_NONNULL = YES;
				CLANG_ANALYZER_NUMBER_OBJECT_CONVERSION = YES_AGGRESSIVE;
				CLANG_CXX_LANGUAGE_STANDARD = "gnu++0x";
				CLANG_CXX_LIBRARY = "libc++";
				CLANG_ENABLE_MODULES = YES;
				CLANG_ENABLE_OBJC_ARC = YES;
				CLANG_WARN_BOOL_CONVERSION = YES;
				CLANG_WARN_CONSTANT_CONVERSION = YES;
				CLANG_WARN_DIRECT_OBJC_ISA_USAGE = YES_ERROR;
				CLANG_WARN_DOCUMENTATION_COMMENTS = YES;
				CLANG_WARN_EMPTY_BODY = YES;
				CLANG_WARN_ENUM_CONVERSION = YES;
				CLANG_WARN_INFINITE_RECURSION = YES;
				CLANG_WARN_INT_CONVERSION = YES;
				CLANG_WARN_OBJC_ROOT_CLASS = YES_ERROR;
				CLANG_WARN_SUSPICIOUS_MOVE = YES;
				CLANG_WARN_UNREACHABLE_CODE = YES;
				CLANG_WARN__DUPLICATE_METHOD_MATCH = YES;
				"CODE_SIGN_IDENTITY[sdk=iphoneos*]" = "iPhone Developer";
				COPY_PHASE_STRIP = NO;
				DEBUG_INFORMATION_FORMAT = dwarf;
				ENABLE_STRICT_OBJC_MSGSEND = YES;
				ENABLE_TESTABILITY = YES;
				GCC_C_LANGUAGE_STANDARD = gnu99;
				GCC_DYNAMIC_NO_PIC = NO;
				GCC_NO_COMMON_BLOCKS = YES;
				GCC_OPTIMIZATION_LEVEL = 0;
				GCC_PREPROCESSOR_DEFINITIONS = (
					"DEBUG=1",
					"$(inherited)",
				);
				GCC_WARN_64_TO_32_BIT_CONVERSION = YES;
				GCC_WARN_ABOUT_RETURN_TYPE = YES_ERROR;
				GCC_WARN_UNDECLARED_SELECTOR = YES;
				GCC_WARN_UNINITIALIZED_AUTOS = YES_AGGRESSIVE;
				GCC_WARN_UNUSED_FUNCTION = YES;
				GCC_WARN_UNUSED_VARIABLE = YES;
				IPHONEOS_DEPLOYMENT_TARGET = 10.3;
				MTL_ENABLE_DEBUG_INFO = YES;
				ONLY_ACTIVE_ARCH = YES;
				SDKROOT = iphoneos;
				SWIFT_ACTIVE_COMPILATION_CONDITIONS = DEBUG;
				SWIFT_OPTIMIZATION_LEVEL = "-Onone";
				TARGETED_DEVICE_FAMILY = "1,2";
			};
			name = Debug;
		};
		531199271E9160E700070A81 /* Release */ = {
			isa = XCBuildConfiguration;
			buildSettings = {
				ALWAYS_SEARCH_USER_PATHS = NO;
				CLANG_ANALYZER_NONNULL = YES;
				CLANG_ANALYZER_NUMBER_OBJECT_CONVERSION = YES_AGGRESSIVE;
				CLANG_CXX_LANGUAGE_STANDARD = "gnu++0x";
				CLANG_CXX_LIBRARY = "libc++";
				CLANG_ENABLE_MODULES = YES;
				CLANG_ENABLE_OBJC_ARC = YES;
				CLANG_WARN_BOOL_CONVERSION = YES;
				CLANG_WARN_CONSTANT_CONVERSION = YES;
				CLANG_WARN_DIRECT_OBJC_ISA_USAGE = YES_ERROR;
				CLANG_WARN_DOCUMENTATION_COMMENTS = YES;
				CLANG_WARN_EMPTY_BODY = YES;
				CLANG_WARN_ENUM_CONVERSION = YES;
				CLANG_WARN_INFINITE_RECURSION = YES;
				CLANG_WARN_INT_CONVERSION = YES;
				CLANG_WARN_OBJC_ROOT_CLASS = YES_ERROR;
				CLANG_WARN_SUSPICIOUS_MOVE = YES;
				CLANG_WARN_UNREACHABLE_CODE = YES;
				CLANG_WARN__DUPLICATE_METHOD_MATCH = YES;
				"CODE_SIGN_IDENTITY[sdk=iphoneos*]" = "iPhone Developer";
				COPY_PHASE_STRIP = NO;
				DEBUG_INFORMATION_FORMAT = "dwarf-with-dsym";
				ENABLE_NS_ASSERTIONS = NO;
				ENABLE_STRICT_OBJC_MSGSEND = YES;
				GCC_C_LANGUAGE_STANDARD = gnu99;
				GCC_NO_COMMON_BLOCKS = YES;
				GCC_WARN_64_TO_32_BIT_CONVERSION = YES;
				GCC_WARN_ABOUT_RETURN_TYPE = YES_ERROR;
				GCC_WARN_UNDECLARED_SELECTOR = YES;
				GCC_WARN_UNINITIALIZED_AUTOS = YES_AGGRESSIVE;
				GCC_WARN_UNUSED_FUNCTION = YES;
				GCC_WARN_UNUSED_VARIABLE = YES;
				IPHONEOS_DEPLOYMENT_TARGET = 10.3;
				MTL_ENABLE_DEBUG_INFO = NO;
				SDKROOT = iphoneos;
				SWIFT_OPTIMIZATION_LEVEL = "-Owholemodule";
				TARGETED_DEVICE_FAMILY = "1,2";
				VALIDATE_PRODUCT = YES;
			};
			name = Release;
		};
		531199291E9160E700070A81 /* Debug */ = {
			isa = XCBuildConfiguration;
			baseConfigurationReference = 72B43C16AC5C49F094B3A320 /* Pods-ChatFix.debug.xcconfig */;
			buildSettings = {
				ALWAYS_EMBED_SWIFT_STANDARD_LIBRARIES = YES;
				ASSETCATALOG_COMPILER_APPICON_NAME = AppIcon;
				CODE_SIGN_ENTITLEMENTS = gameOfchats/gameOfchats.entitlements;
				DEVELOPMENT_TEAM = SC6R6MV2N8;
				FRAMEWORK_SEARCH_PATHS = (
					"$(inherited)",
					"$(PROJECT_DIR)/gameOfchats/FacebookSDKs-iOS-4",
				);
				INFOPLIST_FILE = gameOfchats/Info.plist;
				IPHONEOS_DEPLOYMENT_TARGET = 10.1;
				LD_RUNPATH_SEARCH_PATHS = "$(inherited) @executable_path/Frameworks";
				PRODUCT_BUNDLE_IDENTIFIER = com.beyond2021.gameOfchats;
				PRODUCT_NAME = "$(TARGET_NAME)";
				SWIFT_VERSION = 3.0;
				TARGETED_DEVICE_FAMILY = 1;
			};
			name = Debug;
		};
		5311992A1E9160E700070A81 /* Release */ = {
			isa = XCBuildConfiguration;
			baseConfigurationReference = 0335EDA62783A580E6075FD8 /* Pods-ChatFix.release.xcconfig */;
			buildSettings = {
				ALWAYS_EMBED_SWIFT_STANDARD_LIBRARIES = YES;
				ASSETCATALOG_COMPILER_APPICON_NAME = AppIcon;
				CODE_SIGN_ENTITLEMENTS = gameOfchats/gameOfchats.entitlements;
				DEVELOPMENT_TEAM = SC6R6MV2N8;
				FRAMEWORK_SEARCH_PATHS = (
					"$(inherited)",
					"$(PROJECT_DIR)/gameOfchats/FacebookSDKs-iOS-4",
				);
				INFOPLIST_FILE = gameOfchats/Info.plist;
				IPHONEOS_DEPLOYMENT_TARGET = 10.1;
				LD_RUNPATH_SEARCH_PATHS = "$(inherited) @executable_path/Frameworks";
				PRODUCT_BUNDLE_IDENTIFIER = com.beyond2021.gameOfchats;
				PRODUCT_NAME = "$(TARGET_NAME)";
				SWIFT_VERSION = 3.0;
				TARGETED_DEVICE_FAMILY = 1;
			};
			name = Release;
		};
		5341BF201EA3023A00342221 /* Debug */ = {
			isa = XCBuildConfiguration;
			buildSettings = {
				DEVELOPMENT_TEAM = SC6R6MV2N8;
				INFOPLIST_FILE = NotificationExtension/Info.plist;
				IPHONEOS_DEPLOYMENT_TARGET = 10.2;
				LD_RUNPATH_SEARCH_PATHS = "$(inherited) @executable_path/Frameworks @executable_path/../../Frameworks";
				PRODUCT_BUNDLE_IDENTIFIER = com.beyond2021.gameOfchats.NotificationExtension;
				PRODUCT_NAME = "$(TARGET_NAME)";
				SKIP_INSTALL = YES;
				SWIFT_VERSION = 3.0;
			};
			name = Debug;
		};
		5341BF211EA3023A00342221 /* Release */ = {
			isa = XCBuildConfiguration;
			buildSettings = {
				DEVELOPMENT_TEAM = SC6R6MV2N8;
				INFOPLIST_FILE = NotificationExtension/Info.plist;
				IPHONEOS_DEPLOYMENT_TARGET = 10.2;
				LD_RUNPATH_SEARCH_PATHS = "$(inherited) @executable_path/Frameworks @executable_path/../../Frameworks";
				PRODUCT_BUNDLE_IDENTIFIER = com.beyond2021.gameOfchats.NotificationExtension;
				PRODUCT_NAME = "$(TARGET_NAME)";
				SKIP_INSTALL = YES;
				SWIFT_VERSION = 3.0;
			};
			name = Release;
		};
/* End XCBuildConfiguration section */

/* Begin XCConfigurationList section */
		531199111E9160E600070A81 /* Build configuration list for PBXProject "ChatFix" */ = {
			isa = XCConfigurationList;
			buildConfigurations = (
				531199261E9160E700070A81 /* Debug */,
				531199271E9160E700070A81 /* Release */,
			);
			defaultConfigurationIsVisible = 0;
			defaultConfigurationName = Release;
		};
		531199281E9160E700070A81 /* Build configuration list for PBXNativeTarget "ChatFix" */ = {
			isa = XCConfigurationList;
			buildConfigurations = (
				531199291E9160E700070A81 /* Debug */,
				5311992A1E9160E700070A81 /* Release */,
			);
			defaultConfigurationIsVisible = 0;
			defaultConfigurationName = Release;
		};
		5341BF221EA3023A00342221 /* Build configuration list for PBXNativeTarget "NotificationExtension" */ = {
			isa = XCConfigurationList;
			buildConfigurations = (
				5341BF201EA3023A00342221 /* Debug */,
				5341BF211EA3023A00342221 /* Release */,
			);
			defaultConfigurationIsVisible = 0;
			defaultConfigurationName = Release;
		};
/* End XCConfigurationList section */
	};
	rootObject = 5311990E1E9160E600070A81 /* Project object */;
}
