// !$*UTF8*$!
{
	archiveVersion = 1;
	classes = {
	};
	objectVersion = 46;
	objects = {

/* Begin PBXBuildFile section */
		5311991A1E9160E600070A81 /* AppDelegate.swift in Sources */ = {isa = PBXBuildFile; fileRef = 531199191E9160E600070A81 /* AppDelegate.swift */; };
		5311991C1E9160E600070A81 /* MessagesController.swift in Sources */ = {isa = PBXBuildFile; fileRef = 5311991B1E9160E600070A81 /* MessagesController.swift */; };
		5311991F1E9160E600070A81 /* Main.storyboard in Resources */ = {isa = PBXBuildFile; fileRef = 5311991D1E9160E600070A81 /* Main.storyboard */; };
		531199211E9160E700070A81 /* Assets.xcassets in Resources */ = {isa = PBXBuildFile; fileRef = 531199201E9160E700070A81 /* Assets.xcassets */; };
		531199241E9160E700070A81 /* LaunchScreen.storyboard in Resources */ = {isa = PBXBuildFile; fileRef = 531199221E9160E700070A81 /* LaunchScreen.storyboard */; };
		5311992D1E9166B400070A81 /* LoginController.swift in Sources */ = {isa = PBXBuildFile; fileRef = 5311992C1E9166B400070A81 /* LoginController.swift */; };
		5341BF131EA3023A00342221 /* UserNotifications.framework in Frameworks */ = {isa = PBXBuildFile; fileRef = 5341BF121EA3023A00342221 /* UserNotifications.framework */; };
		5341BF151EA3023A00342221 /* UserNotificationsUI.framework in Frameworks */ = {isa = PBXBuildFile; fileRef = 5341BF141EA3023A00342221 /* UserNotificationsUI.framework */; };
		5341BF181EA3023A00342221 /* NotificationViewController.swift in Sources */ = {isa = PBXBuildFile; fileRef = 5341BF171EA3023A00342221 /* NotificationViewController.swift */; };
		5341BF1B1EA3023A00342221 /* MainInterface.storyboard in Resources */ = {isa = PBXBuildFile; fileRef = 5341BF191EA3023A00342221 /* MainInterface.storyboard */; };
		5341BF1F1EA3023A00342221 /* NotificationExtension.appex in Embed App Extensions */ = {isa = PBXBuildFile; fileRef = 5341BF111EA3023A00342221 /* NotificationExtension.appex */; settings = {ATTRIBUTES = (RemoveHeadersOnCopy, ); }; };
		5341BF251EA344EF00342221 /* MenuBar.swift in Sources */ = {isa = PBXBuildFile; fileRef = 5341BF241EA344EF00342221 /* MenuBar.swift */; };
		5357F7791EA283B50048999D /* Messages.framework in Frameworks */ = {isa = PBXBuildFile; fileRef = 5357F7781EA283B50048999D /* Messages.framework */; };
		5357F77B1EA283C20048999D /* MessageUI.framework in Frameworks */ = {isa = PBXBuildFile; fileRef = 5357F77A1EA283C20048999D /* MessageUI.framework */; };
		538CD8E91EAF0E0E008C4A16 /* Pulsing.swift in Sources */ = {isa = PBXBuildFile; fileRef = 538CD8E81EAF0E0E008C4A16 /* Pulsing.swift */; };
		539C736E1E93EA83009CEB85 /* NewMessageController.swift in Sources */ = {isa = PBXBuildFile; fileRef = 539C736D1E93EA83009CEB85 /* NewMessageController.swift */; };
		539C73711E93F8B7009CEB85 /* User.swift in Sources */ = {isa = PBXBuildFile; fileRef = 539C73701E93F8B7009CEB85 /* User.swift */; };
		539C73741E9400ED009CEB85 /* UserCell.swift in Sources */ = {isa = PBXBuildFile; fileRef = 539C73731E9400ED009CEB85 /* UserCell.swift */; };
		539C73761E948C04009CEB85 /* LoginController+handlers.swift in Sources */ = {isa = PBXBuildFile; fileRef = 539C73751E948C04009CEB85 /* LoginController+handlers.swift */; };
		539C73791E956678009CEB85 /* Extensions.swift in Sources */ = {isa = PBXBuildFile; fileRef = 539C73781E956678009CEB85 /* Extensions.swift */; };
		539C737B1E97B868009CEB85 /* ChatLogController.swift in Sources */ = {isa = PBXBuildFile; fileRef = 539C737A1E97B868009CEB85 /* ChatLogController.swift */; };
		539C737D1E988EBB009CEB85 /* Message.swift in Sources */ = {isa = PBXBuildFile; fileRef = 539C737C1E988EBB009CEB85 /* Message.swift */; };
		53A8DF2F1E9AB6EB001B6A9B /* ChatMessageCell.swift in Sources */ = {isa = PBXBuildFile; fileRef = 53A8DF2E1E9AB6EB001B6A9B /* ChatMessageCell.swift */; };
		53A9B3A41E927F8100D271A9 /* GoogleService-Info.plist in Resources */ = {isa = PBXBuildFile; fileRef = 53A9B3A31E927F8100D271A9 /* GoogleService-Info.plist */; };
		53D7C20F1EA0A2C700444976 /* ChatInputContainerView.swift in Sources */ = {isa = PBXBuildFile; fileRef = 53D7C20E1EA0A2C700444976 /* ChatInputContainerView.swift */; };
		D3CF1B67E0A80577864F69DD /* Pods_gameOfchats.framework in Frameworks */ = {isa = PBXBuildFile; fileRef = 9C70DA0F42912E1583353AB6 /* Pods_gameOfchats.framework */; };
/* End PBXBuildFile section */

/* Begin PBXContainerItemProxy section */
		5341BF1D1EA3023A00342221 /* PBXContainerItemProxy */ = {
			isa = PBXContainerItemProxy;
			containerPortal = 5311990E1E9160E600070A81 /* Project object */;
			proxyType = 1;
			remoteGlobalIDString = 5341BF101EA3023A00342221;
			remoteInfo = NotificationExtension;
		};
/* End PBXContainerItemProxy section */

/* Begin PBXCopyFilesBuildPhase section */
		5341BF231EA3023A00342221 /* Embed App Extensions */ = {
			isa = PBXCopyFilesBuildPhase;
			buildActionMask = 2147483647;
			dstPath = "";
			dstSubfolderSpec = 13;
			files = (
				5341BF1F1EA3023A00342221 /* NotificationExtension.appex in Embed App Extensions */,
			);
			name = "Embed App Extensions";
			runOnlyForDeploymentPostprocessing = 0;
		};
/* End PBXCopyFilesBuildPhase section */

/* Begin PBXFileReference section */
		531199161E9160E600070A81 /* gameOfchats.app */ = {isa = PBXFileReference; explicitFileType = wrapper.application; includeInIndex = 0; path = gameOfchats.app; sourceTree = BUILT_PRODUCTS_DIR; };
		531199191E9160E600070A81 /* AppDelegate.swift */ = {isa = PBXFileReference; lastKnownFileType = sourcecode.swift; path = AppDelegate.swift; sourceTree = "<group>"; };
		5311991B1E9160E600070A81 /* MessagesController.swift */ = {isa = PBXFileReference; lastKnownFileType = sourcecode.swift; path = MessagesController.swift; sourceTree = "<group>"; };
		5311991E1E9160E600070A81 /* Base */ = {isa = PBXFileReference; lastKnownFileType = file.storyboard; name = Base; path = Base.lproj/Main.storyboard; sourceTree = "<group>"; };
		531199201E9160E700070A81 /* Assets.xcassets */ = {isa = PBXFileReference; lastKnownFileType = folder.assetcatalog; path = Assets.xcassets; sourceTree = "<group>"; };
		531199231E9160E700070A81 /* Base */ = {isa = PBXFileReference; lastKnownFileType = file.storyboard; name = Base; path = Base.lproj/LaunchScreen.storyboard; sourceTree = "<group>"; };
		531199251E9160E700070A81 /* Info.plist */ = {isa = PBXFileReference; lastKnownFileType = text.plist.xml; path = Info.plist; sourceTree = "<group>"; };
		5311992C1E9166B400070A81 /* LoginController.swift */ = {isa = PBXFileReference; fileEncoding = 4; lastKnownFileType = sourcecode.swift; path = LoginController.swift; sourceTree = "<group>"; };
		5341BF111EA3023A00342221 /* NotificationExtension.appex */ = {isa = PBXFileReference; explicitFileType = "wrapper.app-extension"; includeInIndex = 0; path = NotificationExtension.appex; sourceTree = BUILT_PRODUCTS_DIR; };
		5341BF121EA3023A00342221 /* UserNotifications.framework */ = {isa = PBXFileReference; lastKnownFileType = wrapper.framework; name = UserNotifications.framework; path = System/Library/Frameworks/UserNotifications.framework; sourceTree = SDKROOT; };
		5341BF141EA3023A00342221 /* UserNotificationsUI.framework */ = {isa = PBXFileReference; lastKnownFileType = wrapper.framework; name = UserNotificationsUI.framework; path = System/Library/Frameworks/UserNotificationsUI.framework; sourceTree = SDKROOT; };
		5341BF171EA3023A00342221 /* NotificationViewController.swift */ = {isa = PBXFileReference; lastKnownFileType = sourcecode.swift; path = NotificationViewController.swift; sourceTree = "<group>"; };
		5341BF1A1EA3023A00342221 /* Base */ = {isa = PBXFileReference; lastKnownFileType = file.storyboard; name = Base; path = Base.lproj/MainInterface.storyboard; sourceTree = "<group>"; };
		5341BF1C1EA3023A00342221 /* Info.plist */ = {isa = PBXFileReference; lastKnownFileType = text.plist.xml; path = Info.plist; sourceTree = "<group>"; };
		5341BF241EA344EF00342221 /* MenuBar.swift */ = {isa = PBXFileReference; fileEncoding = 4; lastKnownFileType = sourcecode.swift; path = MenuBar.swift; sourceTree = "<group>"; };
		5357F7771EA1D2AB0048999D /* gameOfchats.entitlements */ = {isa = PBXFileReference; lastKnownFileType = text.plist.entitlements; path = gameOfchats.entitlements; sourceTree = "<group>"; };
		5357F7781EA283B50048999D /* Messages.framework */ = {isa = PBXFileReference; lastKnownFileType = wrapper.framework; name = Messages.framework; path = System/Library/Frameworks/Messages.framework; sourceTree = SDKROOT; };
		5357F77A1EA283C20048999D /* MessageUI.framework */ = {isa = PBXFileReference; lastKnownFileType = wrapper.framework; name = MessageUI.framework; path = System/Library/Frameworks/MessageUI.framework; sourceTree = SDKROOT; };
		538CD8E81EAF0E0E008C4A16 /* Pulsing.swift */ = {isa = PBXFileReference; fileEncoding = 4; lastKnownFileType = sourcecode.swift; path = Pulsing.swift; sourceTree = "<group>"; };
		539C736D1E93EA83009CEB85 /* NewMessageController.swift */ = {isa = PBXFileReference; fileEncoding = 4; lastKnownFileType = sourcecode.swift; path = NewMessageController.swift; sourceTree = "<group>"; };
		539C73701E93F8B7009CEB85 /* User.swift */ = {isa = PBXFileReference; fileEncoding = 4; lastKnownFileType = sourcecode.swift; path = User.swift; sourceTree = "<group>"; };
		539C73731E9400ED009CEB85 /* UserCell.swift */ = {isa = PBXFileReference; fileEncoding = 4; lastKnownFileType = sourcecode.swift; path = UserCell.swift; sourceTree = "<group>"; };
		539C73751E948C04009CEB85 /* LoginController+handlers.swift */ = {isa = PBXFileReference; fileEncoding = 4; lastKnownFileType = sourcecode.swift; path = "LoginController+handlers.swift"; sourceTree = "<group>"; };
		539C73781E956678009CEB85 /* Extensions.swift */ = {isa = PBXFileReference; fileEncoding = 4; lastKnownFileType = sourcecode.swift; path = Extensions.swift; sourceTree = "<group>"; };
		539C737A1E97B868009CEB85 /* ChatLogController.swift */ = {isa = PBXFileReference; fileEncoding = 4; lastKnownFileType = sourcecode.swift; path = ChatLogController.swift; sourceTree = "<group>"; };
		539C737C1E988EBB009CEB85 /* Message.swift */ = {isa = PBXFileReference; fileEncoding = 4; lastKnownFileType = sourcecode.swift; path = Message.swift; sourceTree = "<group>"; };
		53A8DF2E1E9AB6EB001B6A9B /* ChatMessageCell.swift */ = {isa = PBXFileReference; fileEncoding = 4; lastKnownFileType = sourcecode.swift; path = ChatMessageCell.swift; sourceTree = "<group>"; };
		53A9B3A31E927F8100D271A9 /* GoogleService-Info.plist */ = {isa = PBXFileReference; fileEncoding = 4; lastKnownFileType = text.plist.xml; path = "GoogleService-Info.plist"; sourceTree = "<group>"; };
		53D7C20E1EA0A2C700444976 /* ChatInputContainerView.swift */ = {isa = PBXFileReference; fileEncoding = 4; lastKnownFileType = sourcecode.swift; path = ChatInputContainerView.swift; sourceTree = "<group>"; };
		6B57E4F9216D8059E473550E /* Pods-gameOfchats.debug.xcconfig */ = {isa = PBXFileReference; includeInIndex = 1; lastKnownFileType = text.xcconfig; name = "Pods-gameOfchats.debug.xcconfig"; path = "Pods/Target Support Files/Pods-gameOfchats/Pods-gameOfchats.debug.xcconfig"; sourceTree = "<group>"; };
		9C70DA0F42912E1583353AB6 /* Pods_gameOfchats.framework */ = {isa = PBXFileReference; explicitFileType = wrapper.framework; includeInIndex = 0; path = Pods_gameOfchats.framework; sourceTree = BUILT_PRODUCTS_DIR; };
		D73CEF21CEAE67C3A4F966B5 /* Pods-gameOfchats.release.xcconfig */ = {isa = PBXFileReference; includeInIndex = 1; lastKnownFileType = text.xcconfig; name = "Pods-gameOfchats.release.xcconfig"; path = "Pods/Target Support Files/Pods-gameOfchats/Pods-gameOfchats.release.xcconfig"; sourceTree = "<group>"; };
/* End PBXFileReference section */

/* Begin PBXFrameworksBuildPhase section */
		531199131E9160E600070A81 /* Frameworks */ = {
			isa = PBXFrameworksBuildPhase;
			buildActionMask = 2147483647;
			files = (
				5357F77B1EA283C20048999D /* MessageUI.framework in Frameworks */,
				5357F7791EA283B50048999D /* Messages.framework in Frameworks */,
				D3CF1B67E0A80577864F69DD /* Pods_gameOfchats.framework in Frameworks */,
			);
			runOnlyForDeploymentPostprocessing = 0;
		};
		5341BF0E1EA3023A00342221 /* Frameworks */ = {
			isa = PBXFrameworksBuildPhase;
			buildActionMask = 2147483647;
			files = (
				5341BF151EA3023A00342221 /* UserNotificationsUI.framework in Frameworks */,
				5341BF131EA3023A00342221 /* UserNotifications.framework in Frameworks */,
			);
			runOnlyForDeploymentPostprocessing = 0;
		};
/* End PBXFrameworksBuildPhase section */

/* Begin PBXGroup section */
		1C9E033606D51DB0A47F19A6 /* Frameworks */ = {
			isa = PBXGroup;
			children = (
				5357F77A1EA283C20048999D /* MessageUI.framework */,
				5357F7781EA283B50048999D /* Messages.framework */,
				9C70DA0F42912E1583353AB6 /* Pods_gameOfchats.framework */,
				5341BF121EA3023A00342221 /* UserNotifications.framework */,
				5341BF141EA3023A00342221 /* UserNotificationsUI.framework */,
			);
			name = Frameworks;
			sourceTree = "<group>";
		};
		4024E444E7526475666B4398 /* Pods */ = {
			isa = PBXGroup;
			children = (
				6B57E4F9216D8059E473550E /* Pods-gameOfchats.debug.xcconfig */,
				D73CEF21CEAE67C3A4F966B5 /* Pods-gameOfchats.release.xcconfig */,
			);
			name = Pods;
			sourceTree = "<group>";
		};
		5311990D1E9160E600070A81 = {
			isa = PBXGroup;
			children = (
				531199181E9160E600070A81 /* gameOfchats */,
				5341BF161EA3023A00342221 /* NotificationExtension */,
				531199171E9160E600070A81 /* Products */,
				4024E444E7526475666B4398 /* Pods */,
				1C9E033606D51DB0A47F19A6 /* Frameworks */,
			);
			sourceTree = "<group>";
		};
		531199171E9160E600070A81 /* Products */ = {
			isa = PBXGroup;
			children = (
				531199161E9160E600070A81 /* gameOfchats.app */,
				5341BF111EA3023A00342221 /* NotificationExtension.appex */,
			);
			name = Products;
			sourceTree = "<group>";
		};
		531199181E9160E600070A81 /* gameOfchats */ = {
			isa = PBXGroup;
			children = (
				538CD8E71EAF0DA5008C4A16 /* Animations */,
				5357F7771EA1D2AB0048999D /* gameOfchats.entitlements */,
				539C73771E956647009CEB85 /* Helpers */,
				539C73751E948C04009CEB85 /* LoginController+handlers.swift */,
				539C73721E9400B3009CEB85 /* Views */,
				539C736F1E93F859009CEB85 /* Model */,
				5311992B1E9164FA00070A81 /* Controllers */,
				531199191E9160E600070A81 /* AppDelegate.swift */,
				5311991D1E9160E600070A81 /* Main.storyboard */,
				531199201E9160E700070A81 /* Assets.xcassets */,
				531199221E9160E700070A81 /* LaunchScreen.storyboard */,
				531199251E9160E700070A81 /* Info.plist */,
				53A9B3A31E927F8100D271A9 /* GoogleService-Info.plist */,
			);
			path = gameOfchats;
			sourceTree = "<group>";
		};
		5311992B1E9164FA00070A81 /* Controllers */ = {
			isa = PBXGroup;
			children = (
				5311992C1E9166B400070A81 /* LoginController.swift */,
				5311991B1E9160E600070A81 /* MessagesController.swift */,
				539C736D1E93EA83009CEB85 /* NewMessageController.swift */,
				539C737A1E97B868009CEB85 /* ChatLogController.swift */,
			);
			name = Controllers;
			sourceTree = "<group>";
		};
		5341BF161EA3023A00342221 /* NotificationExtension */ = {
			isa = PBXGroup;
			children = (
				5341BF171EA3023A00342221 /* NotificationViewController.swift */,
				5341BF191EA3023A00342221 /* MainInterface.storyboard */,
				5341BF1C1EA3023A00342221 /* Info.plist */,
			);
			path = NotificationExtension;
			sourceTree = "<group>";
		};
		538CD8E71EAF0DA5008C4A16 /* Animations */ = {
			isa = PBXGroup;
			children = (
				538CD8E81EAF0E0E008C4A16 /* Pulsing.swift */,
			);
			name = Animations;
			sourceTree = "<group>";
		};
		539C736F1E93F859009CEB85 /* Model */ = {
			isa = PBXGroup;
			children = (
				539C73701E93F8B7009CEB85 /* User.swift */,
				539C737C1E988EBB009CEB85 /* Message.swift */,
			);
			name = Model;
			sourceTree = "<group>";
		};
		539C73721E9400B3009CEB85 /* Views */ = {
			isa = PBXGroup;
			children = (
				539C73731E9400ED009CEB85 /* UserCell.swift */,
				53A8DF2E1E9AB6EB001B6A9B /* ChatMessageCell.swift */,
				53D7C20E1EA0A2C700444976 /* ChatInputContainerView.swift */,
				5341BF241EA344EF00342221 /* MenuBar.swift */,
			);
			name = Views;
			sourceTree = "<group>";
		};
		539C73771E956647009CEB85 /* Helpers */ = {
			isa = PBXGroup;
			children = (
				539C73781E956678009CEB85 /* Extensions.swift */,
			);
			name = Helpers;
			sourceTree = "<group>";
		};
/* End PBXGroup section */

/* Begin PBXNativeTarget section */
		531199151E9160E600070A81 /* gameOfchats */ = {
			isa = PBXNativeTarget;
			buildConfigurationList = 531199281E9160E700070A81 /* Build configuration list for PBXNativeTarget "gameOfchats" */;
			buildPhases = (
				19DC32DF5EE034DC39D1E75E /* [CP] Check Pods Manifest.lock */,
				531199121E9160E600070A81 /* Sources */,
				531199131E9160E600070A81 /* Frameworks */,
				531199141E9160E600070A81 /* Resources */,
				C8DD38933C25DDD0225D049A /* [CP] Embed Pods Frameworks */,
				206A21158639842F539A69A6 /* [CP] Copy Pods Resources */,
				5341BF231EA3023A00342221 /* Embed App Extensions */,
			);
			buildRules = (
			);
			dependencies = (
				5341BF1E1EA3023A00342221 /* PBXTargetDependency */,
			);
			name = gameOfchats;
			productName = gameOfchats;
			productReference = 531199161E9160E600070A81 /* gameOfchats.app */;
			productType = "com.apple.product-type.application";
		};
		5341BF101EA3023A00342221 /* NotificationExtension */ = {
			isa = PBXNativeTarget;
			buildConfigurationList = 5341BF221EA3023A00342221 /* Build configuration list for PBXNativeTarget "NotificationExtension" */;
			buildPhases = (
				5341BF0D1EA3023A00342221 /* Sources */,
				5341BF0E1EA3023A00342221 /* Frameworks */,
				5341BF0F1EA3023A00342221 /* Resources */,
			);
			buildRules = (
			);
			dependencies = (
			);
			name = NotificationExtension;
			productName = NotificationExtension;
			productReference = 5341BF111EA3023A00342221 /* NotificationExtension.appex */;
			productType = "com.apple.product-type.app-extension";
		};
/* End PBXNativeTarget section */

/* Begin PBXProject section */
		5311990E1E9160E600070A81 /* Project object */ = {
			isa = PBXProject;
			attributes = {
				LastSwiftUpdateCheck = 0830;
				LastUpgradeCheck = 0830;
				ORGANIZATIONNAME = Kev1;
				TargetAttributes = {
					531199151E9160E600070A81 = {
						CreatedOnToolsVersion = 8.3;
						DevelopmentTeam = SC6R6MV2N8;
						ProvisioningStyle = Automatic;
						SystemCapabilities = {
							com.apple.BackgroundModes = {
								enabled = 1;
							};
							com.apple.Push = {
								enabled = 1;
							};
						};
					};
					5341BF101EA3023A00342221 = {
						CreatedOnToolsVersion = 8.3;
						DevelopmentTeam = SC6R6MV2N8;
						ProvisioningStyle = Automatic;
					};
				};
			};
			buildConfigurationList = 531199111E9160E600070A81 /* Build configuration list for PBXProject "gameOfchats" */;
			compatibilityVersion = "Xcode 3.2";
			developmentRegion = English;
			hasScannedForEncodings = 0;
			knownRegions = (
				en,
				Base,
			);
			mainGroup = 5311990D1E9160E600070A81;
			productRefGroup = 531199171E9160E600070A81 /* Products */;
			projectDirPath = "";
			projectRoot = "";
			targets = (
				531199151E9160E600070A81 /* gameOfchats */,
				5341BF101EA3023A00342221 /* NotificationExtension */,
			);
		};
/* End PBXProject section */

/* Begin PBXResourcesBuildPhase section */
		531199141E9160E600070A81 /* Resources */ = {
			isa = PBXResourcesBuildPhase;
			buildActionMask = 2147483647;
			files = (
				531199241E9160E700070A81 /* LaunchScreen.storyboard in Resources */,
				53A9B3A41E927F8100D271A9 /* GoogleService-Info.plist in Resources */,
				531199211E9160E700070A81 /* Assets.xcassets in Resources */,
				5311991F1E9160E600070A81 /* Main.storyboard in Resources */,
			);
			runOnlyForDeploymentPostprocessing = 0;
		};
		5341BF0F1EA3023A00342221 /* Resources */ = {
			isa = PBXResourcesBuildPhase;
			buildActionMask = 2147483647;
			files = (
				5341BF1B1EA3023A00342221 /* MainInterface.storyboard in Resources */,
			);
			runOnlyForDeploymentPostprocessing = 0;
		};
/* End PBXResourcesBuildPhase section */

/* Begin PBXShellScriptBuildPhase section */
		19DC32DF5EE034DC39D1E75E /* [CP] Check Pods Manifest.lock */ = {
			isa = PBXShellScriptBuildPhase;
			buildActionMask = 2147483647;
			files = (
			);
			inputPaths = (
			);
			name = "[CP] Check Pods Manifest.lock";
			outputPaths = (
			);
			runOnlyForDeploymentPostprocessing = 0;
			shellPath = /bin/sh;
			shellScript = "diff \"${PODS_ROOT}/../Podfile.lock\" \"${PODS_ROOT}/Manifest.lock\" > /dev/null\nif [ $? != 0 ] ; then\n    # print error to STDERR\n    echo \"error: The sandbox is not in sync with the Podfile.lock. Run 'pod install' or update your CocoaPods installation.\" >&2\n    exit 1\nfi\n";
			showEnvVarsInLog = 0;
		};
		206A21158639842F539A69A6 /* [CP] Copy Pods Resources */ = {
			isa = PBXShellScriptBuildPhase;
			buildActionMask = 2147483647;
			files = (
			);
			inputPaths = (
			);
			name = "[CP] Copy Pods Resources";
			outputPaths = (
			);
			runOnlyForDeploymentPostprocessing = 0;
			shellPath = /bin/sh;
			shellScript = "\"${SRCROOT}/Pods/Target Support Files/Pods-gameOfchats/Pods-gameOfchats-resources.sh\"\n";
			showEnvVarsInLog = 0;
		};
		C8DD38933C25DDD0225D049A /* [CP] Embed Pods Frameworks */ = {
			isa = PBXShellScriptBuildPhase;
			buildActionMask = 2147483647;
			files = (
			);
			inputPaths = (
			);
			name = "[CP] Embed Pods Frameworks";
			outputPaths = (
			);
			runOnlyForDeploymentPostprocessing = 0;
			shellPath = /bin/sh;
			shellScript = "\"${SRCROOT}/Pods/Target Support Files/Pods-gameOfchats/Pods-gameOfchats-frameworks.sh\"\n";
			showEnvVarsInLog = 0;
		};
/* End PBXShellScriptBuildPhase section */

/* Begin PBXSourcesBuildPhase section */
		531199121E9160E600070A81 /* Sources */ = {
			isa = PBXSourcesBuildPhase;
			buildActionMask = 2147483647;
			files = (
				538CD8E91EAF0E0E008C4A16 /* Pulsing.swift in Sources */,
				539C737B1E97B868009CEB85 /* ChatLogController.swift in Sources */,
				53D7C20F1EA0A2C700444976 /* ChatInputContainerView.swift in Sources */,
				539C736E1E93EA83009CEB85 /* NewMessageController.swift in Sources */,
				5311991C1E9160E600070A81 /* MessagesController.swift in Sources */,
				539C73741E9400ED009CEB85 /* UserCell.swift in Sources */,
				539C73791E956678009CEB85 /* Extensions.swift in Sources */,
				5341BF251EA344EF00342221 /* MenuBar.swift in Sources */,
				5311992D1E9166B400070A81 /* LoginController.swift in Sources */,
				539C73761E948C04009CEB85 /* LoginController+handlers.swift in Sources */,
				53A8DF2F1E9AB6EB001B6A9B /* ChatMessageCell.swift in Sources */,
				539C737D1E988EBB009CEB85 /* Message.swift in Sources */,
				539C73711E93F8B7009CEB85 /* User.swift in Sources */,
				5311991A1E9160E600070A81 /* AppDelegate.swift in Sources */,
			);
			runOnlyForDeploymentPostprocessing = 0;
		};
		5341BF0D1EA3023A00342221 /* Sources */ = {
			isa = PBXSourcesBuildPhase;
			buildActionMask = 2147483647;
			files = (
				5341BF181EA3023A00342221 /* NotificationViewController.swift in Sources */,
			);
			runOnlyForDeploymentPostprocessing = 0;
		};
/* End PBXSourcesBuildPhase section */

/* Begin PBXTargetDependency section */
		5341BF1E1EA3023A00342221 /* PBXTargetDependency */ = {
			isa = PBXTargetDependency;
			target = 5341BF101EA3023A00342221 /* NotificationExtension */;
			targetProxy = 5341BF1D1EA3023A00342221 /* PBXContainerItemProxy */;
		};
/* End PBXTargetDependency section */

/* Begin PBXVariantGroup section */
		5311991D1E9160E600070A81 /* Main.storyboard */ = {
			isa = PBXVariantGroup;
			children = (
				5311991E1E9160E600070A81 /* Base */,
			);
			name = Main.storyboard;
			sourceTree = "<group>";
		};
		531199221E9160E700070A81 /* LaunchScreen.storyboard */ = {
			isa = PBXVariantGroup;
			children = (
				531199231E9160E700070A81 /* Base */,
			);
			name = LaunchScreen.storyboard;
			sourceTree = "<group>";
		};
		5341BF191EA3023A00342221 /* MainInterface.storyboard */ = {
			isa = PBXVariantGroup;
			children = (
				5341BF1A1EA3023A00342221 /* Base */,
			);
			name = MainInterface.storyboard;
			sourceTree = "<group>";
		};
/* End PBXVariantGroup section */

/* Begin XCBuildConfiguration section */
		531199261E9160E700070A81 /* Debug */ = {
			isa = XCBuildConfiguration;
			buildSettings = {
				ALWAYS_SEARCH_USER_PATHS = NO;
				CLANG_ANALYZER_NONNULL = YES;
				CLANG_ANALYZER_NUMBER_OBJECT_CONVERSION = YES_AGGRESSIVE;
				CLANG_CXX_LANGUAGE_STANDARD = "gnu++0x";
				CLANG_CXX_LIBRARY = "libc++";
				CLANG_ENABLE_MODULES = YES;
				CLANG_ENABLE_OBJC_ARC = YES;
				CLANG_WARN_BOOL_CONVERSION = YES;
				CLANG_WARN_CONSTANT_CONVERSION = YES;
				CLANG_WARN_DIRECT_OBJC_ISA_USAGE = YES_ERROR;
				CLANG_WARN_DOCUMENTATION_COMMENTS = YES;
				CLANG_WARN_EMPTY_BODY = YES;
				CLANG_WARN_ENUM_CONVERSION = YES;
				CLANG_WARN_INFINITE_RECURSION = YES;
				CLANG_WARN_INT_CONVERSION = YES;
				CLANG_WARN_OBJC_ROOT_CLASS = YES_ERROR;
				CLANG_WARN_SUSPICIOUS_MOVE = YES;
				CLANG_WARN_UNREACHABLE_CODE = YES;
				CLANG_WARN__DUPLICATE_METHOD_MATCH = YES;
				"CODE_SIGN_IDENTITY[sdk=iphoneos*]" = "iPhone Developer";
				COPY_PHASE_STRIP = NO;
				DEBUG_INFORMATION_FORMAT = dwarf;
				ENABLE_STRICT_OBJC_MSGSEND = YES;
				ENABLE_TESTABILITY = YES;
				GCC_C_LANGUAGE_STANDARD = gnu99;
				GCC_DYNAMIC_NO_PIC = NO;
				GCC_NO_COMMON_BLOCKS = YES;
				GCC_OPTIMIZATION_LEVEL = 0;
				GCC_PREPROCESSOR_DEFINITIONS = (
					"DEBUG=1",
					"$(inherited)",
				);
				GCC_WARN_64_TO_32_BIT_CONVERSION = YES;
				GCC_WARN_ABOUT_RETURN_TYPE = YES_ERROR;
				GCC_WARN_UNDECLARED_SELECTOR = YES;
				GCC_WARN_UNINITIALIZED_AUTOS = YES_AGGRESSIVE;
				GCC_WARN_UNUSED_FUNCTION = YES;
				GCC_WARN_UNUSED_VARIABLE = YES;
				IPHONEOS_DEPLOYMENT_TARGET = 10.3;
				MTL_ENABLE_DEBUG_INFO = YES;
				ONLY_ACTIVE_ARCH = YES;
				SDKROOT = iphoneos;
				SWIFT_ACTIVE_COMPILATION_CONDITIONS = DEBUG;
				SWIFT_OPTIMIZATION_LEVEL = "-Onone";
				TARGETED_DEVICE_FAMILY = "1,2";
			};
			name = Debug;
		};
		531199271E9160E700070A81 /* Release */ = {
			isa = XCBuildConfiguration;
			buildSettings = {
				ALWAYS_SEARCH_USER_PATHS = NO;
				CLANG_ANALYZER_NONNULL = YES;
				CLANG_ANALYZER_NUMBER_OBJECT_CONVERSION = YES_AGGRESSIVE;
				CLANG_CXX_LANGUAGE_STANDARD = "gnu++0x";
				CLANG_CXX_LIBRARY = "libc++";
				CLANG_ENABLE_MODULES = YES;
				CLANG_ENABLE_OBJC_ARC = YES;
				CLANG_WARN_BOOL_CONVERSION = YES;
				CLANG_WARN_CONSTANT_CONVERSION = YES;
				CLANG_WARN_DIRECT_OBJC_ISA_USAGE = YES_ERROR;
				CLANG_WARN_DOCUMENTATION_COMMENTS = YES;
				CLANG_WARN_EMPTY_BODY = YES;
				CLANG_WARN_ENUM_CONVERSION = YES;
				CLANG_WARN_INFINITE_RECURSION = YES;
				CLANG_WARN_INT_CONVERSION = YES;
				CLANG_WARN_OBJC_ROOT_CLASS = YES_ERROR;
				CLANG_WARN_SUSPICIOUS_MOVE = YES;
				CLANG_WARN_UNREACHABLE_CODE = YES;
				CLANG_WARN__DUPLICATE_METHOD_MATCH = YES;
				"CODE_SIGN_IDENTITY[sdk=iphoneos*]" = "iPhone Developer";
				COPY_PHASE_STRIP = NO;
				DEBUG_INFORMATION_FORMAT = "dwarf-with-dsym";
				ENABLE_NS_ASSERTIONS = NO;
				ENABLE_STRICT_OBJC_MSGSEND = YES;
				GCC_C_LANGUAGE_STANDARD = gnu99;
				GCC_NO_COMMON_BLOCKS = YES;
				GCC_WARN_64_TO_32_BIT_CONVERSION = YES;
				GCC_WARN_ABOUT_RETURN_TYPE = YES_ERROR;
				GCC_WARN_UNDECLARED_SELECTOR = YES;
				GCC_WARN_UNINITIALIZED_AUTOS = YES_AGGRESSIVE;
				GCC_WARN_UNUSED_FUNCTION = YES;
				GCC_WARN_UNUSED_VARIABLE = YES;
				IPHONEOS_DEPLOYMENT_TARGET = 10.3;
				MTL_ENABLE_DEBUG_INFO = NO;
				SDKROOT = iphoneos;
				SWIFT_OPTIMIZATION_LEVEL = "-Owholemodule";
				TARGETED_DEVICE_FAMILY = "1,2";
				VALIDATE_PRODUCT = YES;
			};
			name = Release;
		};
		531199291E9160E700070A81 /* Debug */ = {
			isa = XCBuildConfiguration;
			baseConfigurationReference = 6B57E4F9216D8059E473550E /* Pods-gameOfchats.debug.xcconfig */;
			buildSettings = {
				ALWAYS_EMBED_SWIFT_STANDARD_LIBRARIES = YES;
				ASSETCATALOG_COMPILER_APPICON_NAME = AppIcon;
				CODE_SIGN_ENTITLEMENTS = gameOfchats/gameOfchats.entitlements;
				DEVELOPMENT_TEAM = SC6R6MV2N8;
				INFOPLIST_FILE = gameOfchats/Info.plist;
				IPHONEOS_DEPLOYMENT_TARGET = 10.1;
				LD_RUNPATH_SEARCH_PATHS = "$(inherited) @executable_path/Frameworks";
				PRODUCT_BUNDLE_IDENTIFIER = com.beyond2021.gameOfchats;
				PRODUCT_NAME = "$(TARGET_NAME)";
				SWIFT_VERSION = 3.0;
				TARGETED_DEVICE_FAMILY = "1,2";
			};
			name = Debug;
		};
		5311992A1E9160E700070A81 /* Release */ = {
			isa = XCBuildConfiguration;
			baseConfigurationReference = D73CEF21CEAE67C3A4F966B5 /* Pods-gameOfchats.release.xcconfig */;
			buildSettings = {
				ALWAYS_EMBED_SWIFT_STANDARD_LIBRARIES = YES;
				ASSETCATALOG_COMPILER_APPICON_NAME = AppIcon;
				CODE_SIGN_ENTITLEMENTS = gameOfchats/gameOfchats.entitlements;
				DEVELOPMENT_TEAM = SC6R6MV2N8;
				INFOPLIST_FILE = gameOfchats/Info.plist;
				IPHONEOS_DEPLOYMENT_TARGET = 10.1;
				LD_RUNPATH_SEARCH_PATHS = "$(inherited) @executable_path/Frameworks";
				PRODUCT_BUNDLE_IDENTIFIER = com.beyond2021.gameOfchats;
				PRODUCT_NAME = "$(TARGET_NAME)";
				SWIFT_VERSION = 3.0;
				TARGETED_DEVICE_FAMILY = "1,2";
			};
			name = Release;
		};
		5341BF201EA3023A00342221 /* Debug */ = {
			isa = XCBuildConfiguration;
			buildSettings = {
				DEVELOPMENT_TEAM = SC6R6MV2N8;
				INFOPLIST_FILE = NotificationExtension/Info.plist;
				IPHONEOS_DEPLOYMENT_TARGET = 10.2;
				LD_RUNPATH_SEARCH_PATHS = "$(inherited) @executable_path/Frameworks @executable_path/../../Frameworks";
				PRODUCT_BUNDLE_IDENTIFIER = com.beyond2021.gameOfchats.NotificationExtension;
				PRODUCT_NAME = "$(TARGET_NAME)";
				SKIP_INSTALL = YES;
				SWIFT_VERSION = 3.0;
			};
			name = Debug;
		};
		5341BF211EA3023A00342221 /* Release */ = {
			isa = XCBuildConfiguration;
			buildSettings = {
				DEVELOPMENT_TEAM = SC6R6MV2N8;
				INFOPLIST_FILE = NotificationExtension/Info.plist;
				IPHONEOS_DEPLOYMENT_TARGET = 10.2;
				LD_RUNPATH_SEARCH_PATHS = "$(inherited) @executable_path/Frameworks @executable_path/../../Frameworks";
				PRODUCT_BUNDLE_IDENTIFIER = com.beyond2021.gameOfchats.NotificationExtension;
				PRODUCT_NAME = "$(TARGET_NAME)";
				SKIP_INSTALL = YES;
				SWIFT_VERSION = 3.0;
			};
			name = Release;
		};
/* End XCBuildConfiguration section */

/* Begin XCConfigurationList section */
		531199111E9160E600070A81 /* Build configuration list for PBXProject "gameOfchats" */ = {
			isa = XCConfigurationList;
			buildConfigurations = (
				531199261E9160E700070A81 /* Debug */,
				531199271E9160E700070A81 /* Release */,
			);
			defaultConfigurationIsVisible = 0;
			defaultConfigurationName = Release;
		};
		531199281E9160E700070A81 /* Build configuration list for PBXNativeTarget "gameOfchats" */ = {
			isa = XCConfigurationList;
			buildConfigurations = (
				531199291E9160E700070A81 /* Debug */,
				5311992A1E9160E700070A81 /* Release */,
			);
			defaultConfigurationIsVisible = 0;
			defaultConfigurationName = Release;
		};
		5341BF221EA3023A00342221 /* Build configuration list for PBXNativeTarget "NotificationExtension" */ = {
			isa = XCConfigurationList;
			buildConfigurations = (
				5341BF201EA3023A00342221 /* Debug */,
				5341BF211EA3023A00342221 /* Release */,
			);
			defaultConfigurationIsVisible = 0;
			defaultConfigurationName = Release;
		};
/* End XCConfigurationList section */
	};
	rootObject = 5311990E1E9160E600070A81 /* Project object */;
}
